
Microsoft Visual Studio Solution File, Format Version 12.00
# Visual Studio Version 17
VisualStudioVersion = 17.0.32112.339
MinimumVisualStudioVersion = 10.0.40219.1
Project("{FAE04EC0-301F-11D3-BF4B-00C04F79EFBC}") = "n01539082_Assignment2_w2022", "n01539082_Assignment2_w2022\n01539082_Assignment2_w2022.csproj", "{52B62BFF-643C-4EED-BE56-45589BFE5844}"
EndProject
Global
	GlobalSection(SolutionConfigurationPlatforms) = preSolution
		Debug|Any CPU = Debug|Any CPU
		Release|Any CPU = Release|Any CPU
	EndGlobalSection
	GlobalSection(ProjectConfigurationPlatforms) = postSolution
		{52B62BFF-643C-4EED-BE56-45589BFE5844}.Debug|Any CPU.ActiveCfg = Debug|Any CPU
		{52B62BFF-643C-4EED-BE56-45589BFE5844}.Debug|Any CPU.Build.0 = Debug|Any CPU
		{52B62BFF-643C-4EED-BE56-45589BFE5844}.Release|Any CPU.ActiveCfg = Release|Any CPU
		{52B62BFF-643C-4EED-BE56-45589BFE5844}.Release|Any CPU.Build.0 = Release|Any CPU
	EndGlobalSection
	GlobalSection(SolutionProperties) = preSolution
		HideSolutionNode = FALSE
	EndGlobalSection
	GlobalSection(ExtensibilityGlobals) = postSolution
		SolutionGuid = {6F353F98-17BA-4DAE-B2EC-13CF10AC731B}
	EndGlobalSection
EndGlobal
